Microsoft Visual Studio Solution File, Format Version 11.00
# Visual Studio 2008

Project("{8161BD58-2C57-7D26-1534-48A7903517ED}") = "AdvPrgrm", "Assembly-CSharp.csproj", "{BC97DA55-EC2C-4CCD-E79C-631FEC4AD161}"
EndProject
Project("{8161BD58-2C57-7D26-1534-48A7903517ED}") = "AdvPrgrm", "Assembly-CSharp-Editor.csproj", "{DF0353E5-515E-74FA-D94D-D5D5FB95EACA}"
EndProject
Project("{8161BD58-2C57-7D26-1534-48A7903517ED}") = "AdvPrgrm", "Assembly-Boo-Editor.booproj", "{9A83A3AD-8DF0-E586-4C81-3EBA8FBC1B89}"
EndProject
Project("{8161BD58-2C57-7D26-1534-48A7903517ED}") = "AdvPrgrm", "Assembly-UnityScript-Editor.unityproj", "{ACC27E2A-EF21-6CFF-0DF1-7AB3FECC0709}"
EndProject
Global
	GlobalSection(SolutionConfigurationPlatforms) = preSolution
		Debug|Any CPU = Debug|Any CPU
		Release|Any CPU = Release|Any CPU
	EndGlobalSection
	GlobalSection(ProjectConfigurationPlatforms) = postSolution
		{BC97DA55-EC2C-4CCD-E79C-631FEC4AD161}.Debug|Any CPU.ActiveCfg = Debug|Any CPU
		{BC97DA55-EC2C-4CCD-E79C-631FEC4AD161}.Debug|Any CPU.Build.0 = Debug|Any CPU
		{BC97DA55-EC2C-4CCD-E79C-631FEC4AD161}.Release|Any CPU.ActiveCfg = Release|Any CPU
		{BC97DA55-EC2C-4CCD-E79C-631FEC4AD161}.Release|Any CPU.Build.0 = Release|Any CPU
		{DF0353E5-515E-74FA-D94D-D5D5FB95EACA}.Debug|Any CPU.ActiveCfg = Debug|Any CPU
		{DF0353E5-515E-74FA-D94D-D5D5FB95EACA}.Debug|Any CPU.Build.0 = Debug|Any CPU
		{DF0353E5-515E-74FA-D94D-D5D5FB95EACA}.Release|Any CPU.ActiveCfg = Release|Any CPU
		{DF0353E5-515E-74FA-D94D-D5D5FB95EACA}.Release|Any CPU.Build.0 = Release|Any CPU
		{9A83A3AD-8DF0-E586-4C81-3EBA8FBC1B89}.Debug|Any CPU.ActiveCfg = Debug|Any CPU
		{9A83A3AD-8DF0-E586-4C81-3EBA8FBC1B89}.Debug|Any CPU.Build.0 = Debug|Any CPU
		{9A83A3AD-8DF0-E586-4C81-3EBA8FBC1B89}.Release|Any CPU.ActiveCfg = Release|Any CPU
		{9A83A3AD-8DF0-E586-4C81-3EBA8FBC1B89}.Release|Any CPU.Build.0 = Release|Any CPU
		{ACC27E2A-EF21-6CFF-0DF1-7AB3FECC0709}.Debug|Any CPU.ActiveCfg = Debug|Any CPU
		{ACC27E2A-EF21-6CFF-0DF1-7AB3FECC0709}.Debug|Any CPU.Build.0 = Debug|Any CPU
		{ACC27E2A-EF21-6CFF-0DF1-7AB3FECC0709}.Release|Any CPU.ActiveCfg = Release|Any CPU
		{ACC27E2A-EF21-6CFF-0DF1-7AB3FECC0709}.Release|Any CPU.Build.0 = Release|Any CPU
	EndGlobalSection
	GlobalSection(SolutionProperties) = preSolution
		HideSolutionNode = FALSE
	EndGlobalSection
																																					GlobalSection(MonoDevelopProperties) = preSolution
		StartupItem = Assembly-CSharp.csproj
		Policies = $0
		$0.TextStylePolicy = $1
		$1.inheritsSet = null
		$1.scope = text/x-csharp
		$0.CSharpFormattingPolicy = $2
		$2.inheritsSet = Mono
		$2.inheritsScope = text/x-csharp
		$2.scope = text/x-csharp
		$0.TextStylePolicy = $3
		$3.FileWidth = 120
		$3.TabWidth = 4
		$3.EolMarker = Unix
		$3.inheritsSet = Mono
		$3.inheritsScope = text/plain
		$3.scope = text/plain
	EndGlobalSection

EndGlobal
